{
  "name": "internapro",
  "lockfileVersion": 3,
  "requires": true,
  "packages": {
    "": {
      "dependencies": {
        "svelte-portal": "^2.2.1"
      }
    },
    "node_modules/svelte-portal": {
      "version": "2.2.1",
      "resolved": "https://registry.npmjs.org/svelte-portal/-/svelte-portal-2.2.1.tgz",
      "integrity": "sha512-uF7is5sM4aq5iN7QF/67XLnTUvQCf2iiG/B1BHTqLwYVY1dsVmTeXZ/LeEyU6dLjApOQdbEG9lkqHzxiQtOLEQ==",
      "license": "MIT"
    }
  }
}
